
Microsoft Visual Studio Solution File, Format Version 12.00
# Visual Studio 2017
Project("{FAE04EC0-301F-11D3-BF4B-00C04F79EFBC}") = "Save The Golem", "Save The Golem.csproj", "{1C25A3B8-BDAB-F3B5-F2FD-09B365C0B2D2}"
EndProject
Global
	GlobalSection(SolutionConfigurationPlatforms) = preSolution
		Debug|Any CPU = Debug|Any CPU
		Release|Any CPU = Release|Any CPU
	EndGlobalSection
	GlobalSection(ProjectConfigurationPlatforms) = postSolution
		{1C25A3B8-BDAB-F3B5-F2FD-09B365C0B2D2}.Debug|Any CPU.ActiveCfg = Debug|Any CPU
		{1C25A3B8-BDAB-F3B5-F2FD-09B365C0B2D2}.Debug|Any CPU.Build.0 = Debug|Any CPU
		{1C25A3B8-BDAB-F3B5-F2FD-09B365C0B2D2}.Release|Any CPU.ActiveCfg = Release|Any CPU
		{1C25A3B8-BDAB-F3B5-F2FD-09B365C0B2D2}.Release|Any CPU.Build.0 = Release|Any CPU
	EndGlobalSection
	GlobalSection(SolutionProperties) = preSolution
		HideSolutionNode = FALSE
	EndGlobalSection
EndGlobal
